<?xml version="1.0" encoding="utf-8"?>
<Project ToolsVersion="4.0" xmlns="http://schemas.microsoft.com/developer/msbuild/2003">
  <ItemGroup>
    <Filter Include="Source Files">
      <UniqueIdentifier>{4FC737F1-C7A5-4376-A066-2A32D752A2FF}</UniqueIdentifier>
      <Extensions>cpp;c;cc;cxx;c++;cppm;ixx;def;odl;idl;hpj;bat;asm;asmx</Extensions>
    </Filter>
    <Filter Include="Header Files">
      <UniqueIdentifier>{93995380-89BD-4b04-88EB-625FBE52EBFB}</UniqueIdentifier>
      <Extensions>h;hh;hpp;hxx;h++;hm;inl;inc;ipp;xsd</Extensions>
    </Filter>
    <Filter Include="Resource Files">
      <UniqueIdentifier>{67DA6AB6-F800-4c08-8B7A-83BB121AAD01}</UniqueIdentifier>
      <Extensions>rc;ico;cur;bmp;dlg;rc2;rct;bin;rgs;gif;jpg;jpeg;jpe;resx;tiff;tif;png;wav;mfcribbon-ms</Extensions>
    </Filter>
    <Filter Include="MQ4">
      <UniqueIdentifier>{2ec4b409-8af1-4fd4-8edc-be321ad10f07}</UniqueIdentifier>
    </Filter>
    <Filter Include="Doc">
      <UniqueIdentifier>{daa0719b-4c6e-420c-98a5-321b893387b5}</UniqueIdentifier>
    </Filter>
    <Filter Include="MQ5">
      <UniqueIdentifier>{fe02fbcd-bcf7-4249-9b90-986c9114337d}</UniqueIdentifier>
    </Filter>
  </ItemGroup>
  <ItemGroup>
    <ClInclude Include="..\output\FortexWS64.h">
      <Filter>Header Files</Filter>
    </ClInclude>
    <ClInclude Include="..\output\FortexDefs.h">
      <Filter>Header Files</Filter>
    </ClInclude>
    <ClInclude Include="..\output\FortexWS32.h">
      <Filter>Header Files</Filter>
    </ClInclude>
  </ItemGroup>
  <ItemGroup>
    <ClCompile Include="sample.cpp">
      <Filter>Source Files</Filter>
    </ClCompile>
  </ItemGroup>
  <ItemGroup>
    <None Include="MQ4\FortexAgent.mq4">
      <Filter>MQ4</Filter>
    </None>
    <None Include="MQ4\Fortex.mq4">
      <Filter>MQ4</Filter>
    </None>
    <None Include="MQ5\Fortex.mq5">
      <Filter>MQ5</Filter>
    </None>
    <None Include="MQ5\FortexAgent.mq5">
      <Filter>MQ5</Filter>
    </None>
  </ItemGroup>
  <ItemGroup>
    <Text Include="..\output\Readme.txt">
      <Filter>Doc</Filter>
    </Text>
    <Text Include="..\output\license.txt">
      <Filter>Doc</Filter>
    </Text>
  </ItemGroup>
</Project>